{
  "nodes": {
    "advisory-db": {
      "flake": false,
      "locked": {
        "lastModified": 1750151065,
        "narHash": "sha256-il+CAqChFIB82xP6bO43dWlUVs+NlG7a4g8liIP5HcI=",
        "owner": "rustsec",
        "repo": "advisory-db",
        "rev": "7573f55ba337263f61167dbb0ea926cdc7c8eb5d",
        "type": "github"
      },
      "original": {
        "owner": "rustsec",
        "repo": "advisory-db",
        "type": "github"
      }
    },
    "agenix": {
      "inputs": {
        "darwin": [],
        "home-manager": "home-manager",
        "nixpkgs": [
          "nixpkgs"
        ],
        "systems": "systems"
      },
      "locked": {
        "lastModified": 1770165109,
        "narHash": "sha256-9VnK6Oqai65puVJ4WYtCTvlJeXxMzAp/69HhQuTdl/I=",
        "owner": "ryantm",
        "repo": "agenix",
        "rev": "b027ee29d959fda4b60b57566d64c98a202e0feb",
        "type": "github"
      },
      "original": {
        "owner": "ryantm",
        "repo": "agenix",
        "type": "github"
      }
    },
    "base16": {
      "inputs": {
        "fromYaml": "fromYaml"
      },
      "locked": {
        "lastModified": 1746562888,
        "narHash": "sha256-YgNJQyB5dQiwavdDFBMNKk1wyS77AtdgDk/VtU6wEaI=",
        "owner": "SenchoPens",
        "repo": "base16.nix",
        "rev": "806a1777a5db2a1ef9d5d6f493ef2381047f2b89",
        "type": "github"
      },
      "original": {
        "owner": "SenchoPens",
        "repo": "base16.nix",
        "type": "github"
      }
    },
    "base16-fish": {
      "flake": false,
      "locked": {
        "lastModified": 1754405784,
        "narHash": "sha256-l9xHIy+85FN+bEo6yquq2IjD1rSg9fjfjpyGP1W8YXo=",
        "owner": "tomyun",
        "repo": "base16-fish",
        "rev": "23ae20a0093dca0d7b39d76ba2401af0ccf9c561",
        "type": "github"
      },
      "original": {
        "owner": "tomyun",
        "repo": "base16-fish",
        "rev": "23ae20a0093dca0d7b39d76ba2401af0ccf9c561",
        "type": "github"
      }
    },
    "base16-helix": {
      "flake": false,
      "locked": {
        "lastModified": 1748408240,
        "narHash": "sha256-9M2b1rMyMzJK0eusea0x3lyh3mu5nMeEDSc4RZkGm+g=",
        "owner": "tinted-theming",
        "repo": "base16-helix",
        "rev": "6c711ab1a9db6f51e2f6887cc3345530b33e152e",
        "type": "github"
      },
      "original": {
        "owner": "tinted-theming",
        "repo": "base16-helix",
        "type": "github"
      }
    },
    "base16-vim": {
      "flake": false,
      "locked": {
        "lastModified": 1732806396,
        "narHash": "sha256-e0bpPySdJf0F68Ndanwm+KWHgQiZ0s7liLhvJSWDNsA=",
        "owner": "tinted-theming",
        "repo": "base16-vim",
        "rev": "577fe8125d74ff456cf942c733a85d769afe58b7",
        "type": "github"
      },
      "original": {
        "owner": "tinted-theming",
        "repo": "base16-vim",
        "rev": "577fe8125d74ff456cf942c733a85d769afe58b7",
        "type": "github"
      }
    },
    "copyparty": {
      "inputs": {
        "flake-utils": "flake-utils",
        "nixpkgs": [
          "unstable"
        ]
      },
      "locked": {
        "lastModified": 1773272006,
        "narHash": "sha256-YGuXb5p9RCWJ7NrqDh1AUTy2NNfLYn38t6trGMpSkJc=",
        "owner": "9001",
        "repo": "copyparty",
        "rev": "6eb4f0ad9cc266abd5007509a15be93daa887ccf",
        "type": "github"
      },
      "original": {
        "owner": "9001",
        "repo": "copyparty",
        "type": "github"
      }
    },
    "crane": {
      "locked": {
        "lastModified": 1731098351,
        "narHash": "sha256-HQkYvKvaLQqNa10KEFGgWHfMAbWBfFp+4cAgkut+NNE=",
        "owner": "ipetkov",
        "repo": "crane",
        "rev": "ef80ead953c1b28316cc3f8613904edc2eb90c28",
        "type": "github"
      },
      "original": {
        "owner": "ipetkov",
        "repo": "crane",
        "type": "github"
      }
    },
    "crane_2": {
      "locked": {
        "lastModified": 1751562746,
        "narHash": "sha256-smpugNIkmDeicNz301Ll1bD7nFOty97T79m4GUMUczA=",
        "owner": "ipetkov",
        "repo": "crane",
        "rev": "aed2020fd3dc26e1e857d4107a5a67a33ab6c1fd",
        "type": "github"
      },
      "original": {
        "owner": "ipetkov",
        "repo": "crane",
        "type": "github"
      }
    },
    "crane_3": {
      "locked": {
        "lastModified": 1766774972,
        "narHash": "sha256-8qxEFpj4dVmIuPn9j9z6NTbU+hrcGjBOvaxTzre5HmM=",
        "owner": "ipetkov",
        "repo": "crane",
        "rev": "01bc1d404a51a0a07e9d8759cd50a7903e218c82",
        "type": "github"
      },
      "original": {
        "owner": "ipetkov",
        "repo": "crane",
        "type": "github"
      }
    },
    "devour-flake": {
      "flake": false,
      "locked": {
        "lastModified": 1770055559,
        "narHash": "sha256-peb6VlxIDoqaHkGPanQ35p8SXy9t54NIJ8XJHgMSuFg=",
        "owner": "srid",
        "repo": "devour-flake",
        "rev": "e65d15fd4ef46dbde90ac59be581b2a286c35d0f",
        "type": "github"
      },
      "original": {
        "owner": "srid",
        "repo": "devour-flake",
        "type": "github"
      }
    },
    "devour-flake_2": {
      "flake": false,
      "locked": {
        "lastModified": 1726283167,
        "narHash": "sha256-Cvc84VzvvdmehafnaIPfdPylNWJcDmv79QQh/MH/4Qk=",
        "owner": "srid",
        "repo": "devour-flake",
        "rev": "9b96d31a55be119df8496ec5b7369823deec8a1c",
        "type": "github"
      },
      "original": {
        "owner": "srid",
        "repo": "devour-flake",
        "type": "github"
      }
    },
    "disko": {
      "inputs": {
        "nixpkgs": [
          "nixpkgs"
        ]
      },
      "locked": {
        "lastModified": 1773025010,
        "narHash": "sha256-khlHllTsovXgT2GZ0WxT4+RvuMjNeR5OW0UYeEHPYQo=",
        "owner": "nix-community",
        "repo": "disko",
        "rev": "7b9f7f88ab3b339f8142dc246445abb3c370d3d3",
        "type": "github"
      },
      "original": {
        "owner": "nix-community",
        "repo": "disko",
        "type": "github"
      }
    },
    "false": {
      "locked": {
        "lastModified": 1657739266,
        "narHash": "sha256-vLy8GQr0noEcoA+jX24FgUVBA/poV36zDWAUChN3hIY=",
        "owner": "boolean-option",
        "repo": "false",
        "rev": "d06b4794a134686c70a1325df88a6e6768c6b212",
        "type": "github"
      },
      "original": {
        "owner": "boolean-option",
        "repo": "false",
        "type": "github"
      }
    },
    "fenix": {
      "inputs": {
        "nixpkgs": [
          "nish",
          "nixpkgs"
        ],
        "rust-analyzer-src": "rust-analyzer-src"
      },
      "locked": {
        "lastModified": 1751870679,
        "narHash": "sha256-aP4korVsN5Yy+PB9zjjm8Qbo3a69/m8vlFXS5mdVXtk=",
        "owner": "nix-community",
        "repo": "fenix",
        "rev": "95606d64662a730da5d3031ed798dd6315d35f33",
        "type": "github"
      },
      "original": {
        "owner": "nix-community",
        "repo": "fenix",
        "type": "github"
      }
    },
    "firefox-addons": {
      "inputs": {
        "nixpkgs": [
          "nixpkgs"
        ]
      },
      "locked": {
        "dir": "pkgs/firefox-addons",
        "lastModified": 1773460974,
        "narHash": "sha256-ub9lQJZOgj9351Rv7YrmrimlocUj45AmWi5/vxOkrug=",
        "owner": "rycee",
        "repo": "nur-expressions",
        "rev": "cc0fa04294fb230b831e0b0d0d842d6ddb40806f",
        "type": "gitlab"
      },
      "original": {
        "dir": "pkgs/firefox-addons",
        "owner": "rycee",
        "repo": "nur-expressions",
        "type": "gitlab"
      }
    },
    "firefox-gnome-theme": {
      "flake": false,
      "locked": {
        "lastModified": 1748383148,
        "narHash": "sha256-pGvD/RGuuPf/4oogsfeRaeMm6ipUIznI2QSILKjKzeA=",
        "owner": "rafaelmardojai",
        "repo": "firefox-gnome-theme",
        "rev": "4eb2714fbed2b80e234312611a947d6cb7d70caf",
        "type": "github"
      },
      "original": {
        "owner": "rafaelmardojai",
        "repo": "firefox-gnome-theme",
        "type": "github"
      }
    },
    "flake-compat": {
      "locked": {
        "lastModified": 1767039857,
        "narHash": "sha256-vNpUSpF5Nuw8xvDLj2KCwwksIbjua2LZCqhV1LNRDns=",
        "owner": "edolstra",
        "repo": "flake-compat",
        "rev": "5edf11c44bc78a0d334f6334cdaf7d60d732daab",
        "type": "github"
      },
      "original": {
        "owner": "edolstra",
        "repo": "flake-compat",
        "type": "github"
      }
    },
    "flake-compat_2": {
      "flake": false,
      "locked": {
        "lastModified": 1696426674,
        "narHash": "sha256-kvjfFW7WAETZlt09AgDn1MrtKzP7t90Vf7vypd3OL1U=",
        "owner": "edolstra",
        "repo": "flake-compat",
        "rev": "0f9255e01c2351cc7d116c072cb317785dd33b33",
        "type": "github"
      },
      "original": {
        "owner": "edolstra",
        "repo": "flake-compat",
        "type": "github"
      }
    },
    "flake-compat_3": {
      "flake": false,
      "locked": {
        "lastModified": 1688025799,
        "narHash": "sha256-ktpB4dRtnksm9F5WawoIkEneh1nrEvuxb5lJFt1iOyw=",
        "owner": "nix-community",
        "repo": "flake-compat",
        "rev": "8bf105319d44f6b9f0d764efa4fdef9f1cc9ba1c",
        "type": "github"
      },
      "original": {
        "owner": "nix-community",
        "repo": "flake-compat",
        "type": "github"
      }
    },
    "flake-compat_4": {
      "flake": false,
      "locked": {
        "lastModified": 1751685974,
        "narHash": "sha256-NKw96t+BgHIYzHUjkTK95FqYRVKB8DHpVhefWSz/kTw=",
        "ref": "refs/heads/main",
        "rev": "549f2762aebeff29a2e5ece7a7dc0f955281a1d1",
        "revCount": 92,
        "type": "git",
        "url": "https://git.lix.systems/lix-project/flake-compat.git"
      },
      "original": {
        "type": "git",
        "url": "https://git.lix.systems/lix-project/flake-compat.git"
      }
    },
    "flake-compat_5": {
      "flake": false,
      "locked": {
        "lastModified": 1747046372,
        "narHash": "sha256-CIVLLkVgvHYbgI2UpXvIIBJ12HWgX+fjA8Xf8PUmqCY=",
        "owner": "edolstra",
        "repo": "flake-compat",
        "rev": "9100a0f413b0c601e0533d1d94ffd501ce2e7885",
        "type": "github"
      },
      "original": {
        "owner": "edolstra",
        "repo": "flake-compat",
        "type": "github"
      }
    },
    "flake-parts": {
      "inputs": {
        "nixpkgs-lib": [
          "nixpkgs"
        ]
      },
      "locked": {
        "lastModified": 1772408722,
        "narHash": "sha256-rHuJtdcOjK7rAHpHphUb1iCvgkU3GpfvicLMwwnfMT0=",
        "owner": "hercules-ci",
        "repo": "flake-parts",
        "rev": "f20dc5d9b8027381c474144ecabc9034d6a839a3",
        "type": "github"
      },
      "original": {
        "owner": "hercules-ci",
        "repo": "flake-parts",
        "type": "github"
      }
    },
    "flake-parts_2": {
      "inputs": {
        "nixpkgs-lib": [
          "lanzaboote",
          "nixpkgs"
        ]
      },
      "locked": {
        "lastModified": 1730504689,
        "narHash": "sha256-hgmguH29K2fvs9szpq2r3pz2/8cJd2LPS+b4tfNFCwE=",
        "owner": "hercules-ci",
        "repo": "flake-parts",
        "rev": "506278e768c2a08bec68eb62932193e341f55c90",
        "type": "github"
      },
      "original": {
        "owner": "hercules-ci",
        "repo": "flake-parts",
        "type": "github"
      }
    },
    "flake-parts_3": {
      "inputs": {
        "nixpkgs-lib": "nixpkgs-lib"
      },
      "locked": {
        "lastModified": 1698882062,
        "narHash": "sha256-HkhafUayIqxXyHH1X8d9RDl1M2CkFgZLjKD3MzabiEo=",
        "owner": "hercules-ci",
        "repo": "flake-parts",
        "rev": "8c9fa2545007b49a5db5f650ae91f227672c3877",
        "type": "github"
      },
      "original": {
        "owner": "hercules-ci",
        "repo": "flake-parts",
        "type": "github"
      }
    },
    "flake-parts_4": {
      "inputs": {
        "nixpkgs-lib": [
          "nvf",
          "nvf",
          "nixpkgs"
        ]
      },
      "locked": {
        "lastModified": 1768135262,
        "narHash": "sha256-PVvu7OqHBGWN16zSi6tEmPwwHQ4rLPU9Plvs8/1TUBY=",
        "owner": "hercules-ci",
        "repo": "flake-parts",
        "rev": "80daad04eddbbf5a4d883996a73f3f542fa437ac",
        "type": "github"
      },
      "original": {
        "owner": "hercules-ci",
        "repo": "flake-parts",
        "type": "github"
      }
    },
    "flake-parts_5": {
      "inputs": {
        "nixpkgs-lib": [
          "omnix",
          "nixpkgs"
        ]
      },
      "locked": {
        "lastModified": 1725234343,
        "narHash": "sha256-+ebgonl3NbiKD2UD0x4BszCZQ6sTfL4xioaM49o5B3Y=",
        "owner": "hercules-ci",
        "repo": "flake-parts",
        "rev": "567b938d64d4b4112ee253b9274472dc3a346eb6",
        "type": "github"
      },
      "original": {
        "owner": "hercules-ci",
        "repo": "flake-parts",
        "type": "github"
      }
    },
    "flake-parts_6": {
      "inputs": {
        "nixpkgs-lib": [
          "stylix",
          "nixpkgs"
        ]
      },
      "locked": {
        "lastModified": 1749398372,
        "narHash": "sha256-tYBdgS56eXYaWVW3fsnPQ/nFlgWi/Z2Ymhyu21zVM98=",
        "owner": "hercules-ci",
        "repo": "flake-parts",
        "rev": "9305fe4e5c2a6fcf5ba6a3ff155720fbe4076569",
        "type": "github"
      },
      "original": {
        "owner": "hercules-ci",
        "repo": "flake-parts",
        "type": "github"
      }
    },
    "flake-root": {
      "locked": {
        "lastModified": 1692742795,
        "narHash": "sha256-f+Y0YhVCIJ06LemO+3Xx00lIcqQxSKJHXT/yk1RTKxw=",
        "owner": "srid",
        "repo": "flake-root",
        "rev": "d9a70d9c7a5fd7f3258ccf48da9335e9b47c3937",
        "type": "github"
      },
      "original": {
        "owner": "srid",
        "repo": "flake-root",
        "type": "github"
      }
    },
    "flake-utils": {
      "locked": {
        "lastModified": 1678901627,
        "narHash": "sha256-U02riOqrKKzwjsxc/400XnElV+UtPUQWpANPlyazjH0=",
        "owner": "numtide",
        "repo": "flake-utils",
        "rev": "93a2b84fc4b70d9e089d029deacc3583435c2ed6",
        "type": "github"
      },
      "original": {
        "owner": "numtide",
        "repo": "flake-utils",
        "type": "github"
      }
    },
    "flake-utils_2": {
      "inputs": {
        "systems": "systems_3"
      },
      "locked": {
        "lastModified": 1731533236,
        "narHash": "sha256-l0KFg5HjrsfsO/JpG+r7fRrqm12kzFHyUHqHCVpMMbI=",
        "owner": "numtide",
        "repo": "flake-utils",
        "rev": "11707dc2f618dd54ca8739b309ec4fc024de578b",
        "type": "github"
      },
      "original": {
        "owner": "numtide",
        "repo": "flake-utils",
        "type": "github"
      }
    },
    "fromYaml": {
      "flake": false,
      "locked": {
        "lastModified": 1731966426,
        "narHash": "sha256-lq95WydhbUTWig/JpqiB7oViTcHFP8Lv41IGtayokA8=",
        "owner": "SenchoPens",
        "repo": "fromYaml",
        "rev": "106af9e2f715e2d828df706c386a685698f3223b",
        "type": "github"
      },
      "original": {
        "owner": "SenchoPens",
        "repo": "fromYaml",
        "type": "github"
      }
    },
    "git-hooks": {
      "flake": false,
      "locked": {
        "lastModified": 1737465171,
        "narHash": "sha256-R10v2hoJRLq8jcL4syVFag7nIGE7m13qO48wRIukWNg=",
        "owner": "cachix",
        "repo": "git-hooks.nix",
        "rev": "9364dc02281ce2d37a1f55b6e51f7c0f65a75f17",
        "type": "github"
      },
      "original": {
        "owner": "cachix",
        "repo": "git-hooks.nix",
        "type": "github"
      }
    },
    "git-hooks_2": {
      "inputs": {
        "flake-compat": "flake-compat_5",
        "gitignore": "gitignore_3",
        "nixpkgs": [
          "scenics",
          "nixpkgs"
        ]
      },
      "locked": {
        "lastModified": 1757239681,
        "narHash": "sha256-E9spYi9lxm2f1zWQLQ7xQt8Xs2nWgr1T4QM7ZjLFphM=",
        "owner": "cachix",
        "repo": "git-hooks.nix",
        "rev": "ab82ab08d6bf74085bd328de2a8722c12d97bd9d",
        "type": "github"
      },
      "original": {
        "owner": "cachix",
        "repo": "git-hooks.nix",
        "type": "github"
      }
    },
    "gitignore": {
      "inputs": {
        "nixpkgs": [
          "lanzaboote",
          "pre-commit-hooks-nix",
          "nixpkgs"
        ]
      },
      "locked": {
        "lastModified": 1709087332,
        "narHash": "sha256-HG2cCnktfHsKV0s4XW83gU3F57gaTljL9KNSuG6bnQs=",
        "owner": "hercules-ci",
        "repo": "gitignore.nix",
        "rev": "637db329424fd7e46cf4185293b9cc8c88c95394",
        "type": "github"
      },
      "original": {
        "owner": "hercules-ci",
        "repo": "gitignore.nix",
        "type": "github"
      }
    },
    "gitignore_2": {
      "inputs": {
        "nixpkgs": [
          "pre-commit-hooks",
          "nixpkgs"
        ]
      },
      "locked": {
        "lastModified": 1709087332,
        "narHash": "sha256-HG2cCnktfHsKV0s4XW83gU3F57gaTljL9KNSuG6bnQs=",
        "owner": "hercules-ci",
        "repo": "gitignore.nix",
        "rev": "637db329424fd7e46cf4185293b9cc8c88c95394",
        "type": "github"
      },
      "original": {
        "owner": "hercules-ci",
        "repo": "gitignore.nix",
        "type": "github"
      }
    },
    "gitignore_3": {
      "inputs": {
        "nixpkgs": [
          "scenics",
          "git-hooks",
          "nixpkgs"
        ]
      },
      "locked": {
        "lastModified": 1709087332,
        "narHash": "sha256-HG2cCnktfHsKV0s4XW83gU3F57gaTljL9KNSuG6bnQs=",
        "owner": "hercules-ci",
        "repo": "gitignore.nix",
        "rev": "637db329424fd7e46cf4185293b9cc8c88c95394",
        "type": "github"
      },
      "original": {
        "owner": "hercules-ci",
        "repo": "gitignore.nix",
        "type": "github"
      }
    },
    "gnome-shell": {
      "flake": false,
      "locked": {
        "lastModified": 1744584021,
        "narHash": "sha256-0RJ4mJzf+klKF4Fuoc8VN8dpQQtZnKksFmR2jhWE1Ew=",
        "owner": "GNOME",
        "repo": "gnome-shell",
        "rev": "52c517c8f6c199a1d6f5118fae500ef69ea845ae",
        "type": "github"
      },
      "original": {
        "owner": "GNOME",
        "ref": "48.1",
        "repo": "gnome-shell",
        "type": "github"
      }
    },
    "home-manager": {
      "inputs": {
        "nixpkgs": [
          "agenix",
          "nixpkgs"
        ]
      },
      "locked": {
        "lastModified": 1745494811,
        "narHash": "sha256-YZCh2o9Ua1n9uCvrvi5pRxtuVNml8X2a03qIFfRKpFs=",
        "owner": "nix-community",
        "repo": "home-manager",
        "rev": "abfad3d2958c9e6300a883bd443512c55dfeb1be",
        "type": "github"
      },
      "original": {
        "owner": "nix-community",
        "repo": "home-manager",
        "type": "github"
      }
    },
    "home-manager_2": {
      "inputs": {
        "nixpkgs": [
          "nixpkgs"
        ]
      },
      "locked": {
        "lastModified": 1763992789,
        "narHash": "sha256-WHkdBlw6oyxXIra/vQPYLtqY+3G8dUVZM8bEXk0t8x4=",
        "owner": "nix-community",
        "repo": "home-manager",
        "rev": "44831a7eaba4360fb81f2acc5ea6de5fde90aaa3",
        "type": "github"
      },
      "original": {
        "owner": "nix-community",
        "ref": "release-25.05",
        "repo": "home-manager",
        "type": "github"
      }
    },
    "inspect": {
      "flake": false,
      "locked": {
        "lastModified": 1726418650,
        "narHash": "sha256-Aabwu7gHQbKDU8mrbG2le6oqpbBl9oTbFvWEBFgXw/4=",
        "owner": "juspay",
        "repo": "inspect",
        "rev": "279cfa5c434e5bbebb4c07fa6af2deeb84e03bb0",
        "type": "github"
      },
      "original": {
        "owner": "juspay",
        "ref": "inventory-for-systems",
        "repo": "inspect",
        "type": "github"
      }
    },
    "lanzaboote": {
      "inputs": {
        "crane": "crane",
        "flake-compat": "flake-compat_2",
        "flake-parts": "flake-parts_2",
        "nixpkgs": [
          "nixpkgs"
        ],
        "pre-commit-hooks-nix": "pre-commit-hooks-nix",
        "rust-overlay": "rust-overlay"
      },
      "locked": {
        "lastModified": 1737639419,
        "narHash": "sha256-AEEDktApTEZ5PZXNDkry2YV2k6t0dTgLPEmAZbnigXU=",
        "owner": "nix-community",
        "repo": "lanzaboote",
        "rev": "a65905a09e2c43ff63be8c0e86a93712361f871e",
        "type": "github"
      },
      "original": {
        "owner": "nix-community",
        "ref": "v0.4.2",
        "repo": "lanzaboote",
        "type": "github"
      }
    },
    "mnw": {
      "locked": {
        "lastModified": 1768701608,
        "narHash": "sha256-kSvWF3Xt2HW9hmV5V7i8PqeWJIBUKmuKoHhOgj3Znzs=",
        "owner": "Gerg-L",
        "repo": "mnw",
        "rev": "20d63a8a1ae400557c770052a46a9840e768926b",
        "type": "github"
      },
      "original": {
        "owner": "Gerg-L",
        "repo": "mnw",
        "type": "github"
      }
    },
    "ndg": {
      "inputs": {
        "nixpkgs": [
          "nvf",
          "nvf",
          "nixpkgs"
        ]
      },
      "locked": {
        "lastModified": 1768214250,
        "narHash": "sha256-hnBZDQWUxJV3KbtvyGW5BKLO/fAwydrxm5WHCWMQTbw=",
        "owner": "feel-co",
        "repo": "ndg",
        "rev": "a6bd3c1ce2668d096e4fdaaa03ad7f03ba1fbca8",
        "type": "github"
      },
      "original": {
        "owner": "feel-co",
        "ref": "refs/tags/v2.6.0",
        "repo": "ndg",
        "type": "github"
      }
    },
    "nish": {
      "inputs": {
        "advisory-db": "advisory-db",
        "crane": "crane_2",
        "fenix": "fenix",
        "flake-parts": [
          "flake-parts"
        ],
        "nixpkgs": [
          "unstable"
        ],
        "pre-commit-hooks": [
          "pre-commit-hooks"
        ],
        "systems": [
          "systems"
        ],
        "treefmt-nix": [
          "treefmt-nix"
        ]
      },
      "locked": {
        "lastModified": 1751876103,
        "narHash": "sha256-RdaB+ZyGJp9HYWVov8mv768dXVv63JnMWNql5dErWEE=",
        "owner": "callumio",
        "repo": "nish",
        "rev": "e0d8eec64f06f26fa474d27aec125ba9809c5f77",
        "type": "github"
      },
      "original": {
        "owner": "callumio",
        "repo": "nish",
        "type": "github"
      }
    },
    "nix-systems-aarch64-darwin": {
      "locked": {
        "lastModified": 1680978170,
        "narHash": "sha256-PHVNQ7y0EQYzujQRYoRdb96K0m1KSeAjSrbz2b75S6Q=",
        "owner": "nix-systems",
        "repo": "aarch64-darwin",
        "rev": "75e6c6912484d28ebba5769b794ffa4aff653ba2",
        "type": "github"
      },
      "original": {
        "owner": "nix-systems",
        "repo": "aarch64-darwin",
        "type": "github"
      }
    },
    "nix-systems-aarch64-linux": {
      "locked": {
        "lastModified": 1680978097,
        "narHash": "sha256-1Zp7TRYLXj4P5FLhQ8jBChrgAmQxR3iTypmWf9EFTnc=",
        "owner": "nix-systems",
        "repo": "aarch64-linux",
        "rev": "aa1ce1b64c822dff925d63d3e771113f71ada1bb",
        "type": "github"
      },
      "original": {
        "owner": "nix-systems",
        "repo": "aarch64-linux",
        "type": "github"
      }
    },
    "nix-systems-x86_64-darwin": {
      "locked": {
        "lastModified": 1680978224,
        "narHash": "sha256-+xT9B1ZbhMg/zpJqd00S06UCZb/A2URW9bqqrZ/JTOg=",
        "owner": "nix-systems",
        "repo": "x86_64-darwin",
        "rev": "db0463cce4cd60fb791f33a83d29a1ed53edab9b",
        "type": "github"
      },
      "original": {
        "owner": "nix-systems",
        "repo": "x86_64-darwin",
        "type": "github"
      }
    },
    "nix-systems-x86_64-linux": {
      "locked": {
        "lastModified": 1680978846,
        "narHash": "sha256-Gtqg8b/v49BFDpDetjclCYXm8mAnTrUzR0JnE2nv5aw=",
        "owner": "nix-systems",
        "repo": "x86_64-linux",
        "rev": "2ecfcac5e15790ba6ce360ceccddb15ad16d08a8",
        "type": "github"
      },
      "original": {
        "owner": "nix-systems",
        "repo": "x86_64-linux",
        "type": "github"
      }
    },
    "nix-visualize": {
      "flake": false,
      "locked": {
        "lastModified": 1687577587,
        "narHash": "sha256-Z1r8XHszoUnQinl63yXvQG6Czp5HnYNG37AY+EEiT4w=",
        "owner": "craigmbooth",
        "repo": "nix-visualize",
        "rev": "cafaba50cd63ba9c759c56af71fd0d22fd60a548",
        "type": "github"
      },
      "original": {
        "owner": "craigmbooth",
        "repo": "nix-visualize",
        "type": "github"
      }
    },
    "nixinate": {
      "inputs": {
        "nixpkgs": [
          "unstable"
        ]
      },
      "locked": {
        "lastModified": 1725650864,
        "narHash": "sha256-+Vd9SZlyET951VVK64Z7uiiAd5P4pMaHUVYL3wEWAC8=",
        "owner": "callumio",
        "repo": "nixinate",
        "rev": "b68598c21f0720788fa2e26adf46f805725d141e",
        "type": "github"
      },
      "original": {
        "owner": "callumio",
        "repo": "nixinate",
        "type": "github"
      }
    },
    "nixpkgs": {
      "locked": {
        "lastModified": 1767313136,
        "narHash": "sha256-16KkgfdYqjaeRGBaYsNrhPRRENs0qzkQVUooNHtoy2w=",
        "owner": "NixOS",
        "repo": "nixpkgs",
        "rev": "ac62194c3917d5f474c1a844b6fd6da2db95077d",
        "type": "github"
      },
      "original": {
        "owner": "NixOS",
        "ref": "nixos-25.05",
        "repo": "nixpkgs",
        "type": "github"
      }
    },
    "nixpkgs-lib": {
      "locked": {
        "dir": "lib",
        "lastModified": 1698611440,
        "narHash": "sha256-jPjHjrerhYDy3q9+s5EAsuhyhuknNfowY6yt6pjn9pc=",
        "owner": "NixOS",
        "repo": "nixpkgs",
        "rev": "0cbe9f69c234a7700596e943bfae7ef27a31b735",
        "type": "github"
      },
      "original": {
        "dir": "lib",
        "owner": "NixOS",
        "ref": "nixos-unstable",
        "repo": "nixpkgs",
        "type": "github"
      }
    },
    "nixpkgs-stable": {
      "locked": {
        "lastModified": 1730741070,
        "narHash": "sha256-edm8WG19kWozJ/GqyYx2VjW99EdhjKwbY3ZwdlPAAlo=",
        "owner": "NixOS",
        "repo": "nixpkgs",
        "rev": "d063c1dd113c91ab27959ba540c0d9753409edf3",
        "type": "github"
      },
      "original": {
        "owner": "NixOS",
        "ref": "nixos-24.05",
        "repo": "nixpkgs",
        "type": "github"
      }
    },
    "nixpkgs_2": {
      "locked": {
        "lastModified": 1737469691,
        "narHash": "sha256-nmKOgAU48S41dTPIXAq0AHZSehWUn6ZPrUKijHAMmIk=",
        "owner": "NixOs",
        "repo": "nixpkgs",
        "rev": "9e4d5190a9482a1fb9d18adf0bdb83c6e506eaab",
        "type": "github"
      },
      "original": {
        "owner": "NixOs",
        "ref": "nixos-unstable",
        "repo": "nixpkgs",
        "type": "github"
      }
    },
    "nixpkgs_3": {
      "locked": {
        "lastModified": 1711163522,
        "narHash": "sha256-YN/Ciidm+A0fmJPWlHBGvVkcarYWSC+s3NTPk/P+q3c=",
        "owner": "NixOS",
        "repo": "nixpkgs",
        "rev": "44d0940ea560dee511026a53f0e2e2cde489b4d4",
        "type": "github"
      },
      "original": {
        "owner": "NixOS",
        "ref": "nixos-unstable",
        "repo": "nixpkgs",
        "type": "github"
      }
    },
    "nixpkgs_4": {
      "locked": {
        "lastModified": 1769461804,
        "narHash": "sha256-msG8SU5WsBUfVVa/9RPLaymvi5bI8edTavbIq3vRlhI=",
        "owner": "nixos",
        "repo": "nixpkgs",
        "rev": "bfc1b8a4574108ceef22f02bafcf6611380c100d",
        "type": "github"
      },
      "original": {
        "owner": "nixos",
        "ref": "nixos-unstable",
        "repo": "nixpkgs",
        "type": "github"
      }
    },
    "nixpkgs_5": {
      "locked": {
        "lastModified": 1767364772,
        "narHash": "sha256-fFUnEYMla8b7UKjijLnMe+oVFOz6HjijGGNS1l7dYaQ=",
        "owner": "nixos",
        "repo": "nixpkgs",
        "rev": "16c7794d0a28b5a37904d55bcca36003b9109aaa",
        "type": "github"
      },
      "original": {
        "owner": "nixos",
        "ref": "nixpkgs-unstable",
        "repo": "nixpkgs",
        "type": "github"
      }
    },
    "nocodb": {
      "inputs": {
        "nixpkgs": "nixpkgs_2"
      },
      "locked": {
        "lastModified": 1753527533,
        "narHash": "sha256-UoOwtvkNicWrlxEVNR9RL7r39mOFEwyV6BpBd5Fa1is=",
        "owner": "nocodb",
        "repo": "nocodb",
        "rev": "bec1fa46dd23996cad16e16150c959ce587b0750",
        "type": "github"
      },
      "original": {
        "owner": "nocodb",
        "ref": "bec1fa4",
        "repo": "nocodb",
        "type": "github"
      }
    },
    "nsbm": {
      "inputs": {
        "flake-parts": [
          "flake-parts"
        ],
        "nixpkgs": [
          "unstable"
        ],
        "sbomnix": "sbomnix",
        "systems": [
          "systems"
        ],
        "treefmt-nix": [
          "treefmt-nix"
        ]
      },
      "locked": {
        "lastModified": 1725996481,
        "narHash": "sha256-dDobRr906wky/lH4hKkKAEnxmrnUzOYL0IuuCPv7t6Y=",
        "owner": "callumio",
        "repo": "nsbm",
        "rev": "6146544f3ca96c1d8d27711ee1278d1973031df8",
        "type": "github"
      },
      "original": {
        "owner": "callumio",
        "repo": "nsbm",
        "type": "github"
      }
    },
    "nur": {
      "inputs": {
        "flake-parts": [
          "stylix",
          "flake-parts"
        ],
        "nixpkgs": [
          "stylix",
          "nixpkgs"
        ],
        "treefmt-nix": "treefmt-nix_2"
      },
      "locked": {
        "lastModified": 1751320053,
        "narHash": "sha256-3m6RMw0FbbaUUa01PNaMLoO7D99aBClmY5ed9V3vz+0=",
        "owner": "nix-community",
        "repo": "NUR",
        "rev": "cbde1735782f9c2bb2c63d5e05fba171a14a4670",
        "type": "github"
      },
      "original": {
        "owner": "nix-community",
        "repo": "NUR",
        "type": "github"
      }
    },
    "nvf": {
      "inputs": {
        "nixpkgs": [
          "unstable"
        ],
        "nvf": "nvf_2"
      },
      "locked": {
        "lastModified": 1769700611,
        "narHash": "sha256-IjacVmYweg4pL0TKH58emKENhySY3sVex9RfB19pTuk=",
        "owner": "callumio",
        "repo": "nvf",
        "rev": "542e39f94e9a989900c62a87c6e1e9e16a27a540",
        "type": "github"
      },
      "original": {
        "owner": "callumio",
        "repo": "nvf",
        "type": "github"
      }
    },
    "nvf_2": {
      "inputs": {
        "flake-compat": "flake-compat_4",
        "flake-parts": "flake-parts_4",
        "mnw": "mnw",
        "ndg": "ndg",
        "nixpkgs": "nixpkgs_4",
        "systems": "systems_2"
      },
      "locked": {
        "lastModified": 1769673640,
        "narHash": "sha256-5UuILObF93YTV+DlLmYP/lCrsX12S6dZBJgbNezrZ+M=",
        "owner": "notashelf",
        "repo": "nvf",
        "rev": "39813f03226d0c603a85458d2bdf27e947b593da",
        "type": "github"
      },
      "original": {
        "owner": "notashelf",
        "repo": "nvf",
        "type": "github"
      }
    },
    "omnix": {
      "inputs": {
        "devour-flake": "devour-flake_2",
        "false": "false",
        "flake-parts": "flake-parts_5",
        "git-hooks": "git-hooks",
        "inspect": "inspect",
        "nix-systems-aarch64-darwin": "nix-systems-aarch64-darwin",
        "nix-systems-aarch64-linux": "nix-systems-aarch64-linux",
        "nix-systems-x86_64-darwin": "nix-systems-x86_64-darwin",
        "nix-systems-x86_64-linux": "nix-systems-x86_64-linux",
        "nixpkgs": "nixpkgs_5",
        "rust-flake": "rust-flake",
        "systems": [
          "systems"
        ],
        "true": "true"
      },
      "locked": {
        "lastModified": 1770391213,
        "narHash": "sha256-onp7JqNzpTZyfS0WzCYMdsMS4yr96BcKzEjCN9E1G9g=",
        "owner": "juspay",
        "repo": "omnix",
        "rev": "426302b981864b1ab6be42eb51d9487ad403ca36",
        "type": "github"
      },
      "original": {
        "owner": "juspay",
        "repo": "omnix",
        "type": "github"
      }
    },
    "pre-commit-hooks": {
      "inputs": {
        "flake-compat": [
          "flake-compat"
        ],
        "gitignore": "gitignore_2",
        "nixpkgs": [
          "nixpkgs"
        ]
      },
      "locked": {
        "lastModified": 1772893680,
        "narHash": "sha256-JDqZMgxUTCq85ObSaFw0HhE+lvdOre1lx9iI6vYyOEs=",
        "owner": "cachix",
        "repo": "pre-commit-hooks.nix",
        "rev": "8baab586afc9c9b57645a734c820e4ac0a604af9",
        "type": "github"
      },
      "original": {
        "owner": "cachix",
        "repo": "pre-commit-hooks.nix",
        "type": "github"
      }
    },
    "pre-commit-hooks-nix": {
      "inputs": {
        "flake-compat": [
          "lanzaboote",
          "flake-compat"
        ],
        "gitignore": "gitignore",
        "nixpkgs": [
          "lanzaboote",
          "nixpkgs"
        ],
        "nixpkgs-stable": "nixpkgs-stable"
      },
      "locked": {
        "lastModified": 1731363552,
        "narHash": "sha256-vFta1uHnD29VUY4HJOO/D6p6rxyObnf+InnSMT4jlMU=",
        "owner": "cachix",
        "repo": "pre-commit-hooks.nix",
        "rev": "cd1af27aa85026ac759d5d3fccf650abe7e1bbf0",
        "type": "github"
      },
      "original": {
        "owner": "cachix",
        "repo": "pre-commit-hooks.nix",
        "type": "github"
      }
    },
    "root": {
      "inputs": {
        "agenix": "agenix",
        "copyparty": "copyparty",
        "devour-flake": "devour-flake",
        "disko": "disko",
        "firefox-addons": "firefox-addons",
        "flake-compat": "flake-compat",
        "flake-parts": "flake-parts",
        "home-manager": "home-manager_2",
        "lanzaboote": "lanzaboote",
        "nish": "nish",
        "nixinate": "nixinate",
        "nixpkgs": "nixpkgs",
        "nocodb": "nocodb",
        "nsbm": "nsbm",
        "nvf": "nvf",
        "omnix": "omnix",
        "pre-commit-hooks": "pre-commit-hooks",
        "scenics": "scenics",
        "stylix": "stylix",
        "systems": "systems_5",
        "treefmt-nix": "treefmt-nix_3",
        "unstable": "unstable"
      }
    },
    "rust-analyzer-src": {
      "flake": false,
      "locked": {
        "lastModified": 1751792916,
        "narHash": "sha256-YjyurHKMrUYKjnujSqjpFtHGYFCGr2Xpo1Xc1AYT1+M=",
        "owner": "rust-lang",
        "repo": "rust-analyzer",
        "rev": "0ac65592a833bf40238831dd10e15283d63c46d5",
        "type": "github"
      },
      "original": {
        "owner": "rust-lang",
        "ref": "nightly",
        "repo": "rust-analyzer",
        "type": "github"
      }
    },
    "rust-flake": {
      "inputs": {
        "crane": "crane_3",
        "nixpkgs": [
          "omnix",
          "nixpkgs"
        ],
        "rust-overlay": "rust-overlay_2"
      },
      "locked": {
        "lastModified": 1767025855,
        "narHash": "sha256-mcbcu5x0oSHBZFD4/XxUK7saMvi345u1W/+7ql12PpQ=",
        "owner": "juspay",
        "repo": "rust-flake",
        "rev": "77d6e2bc25ad09557e4be614c45e7c56f431c1d6",
        "type": "github"
      },
      "original": {
        "owner": "juspay",
        "repo": "rust-flake",
        "type": "github"
      }
    },
    "rust-overlay": {
      "inputs": {
        "nixpkgs": [
          "lanzaboote",
          "nixpkgs"
        ]
      },
      "locked": {
        "lastModified": 1731897198,
        "narHash": "sha256-Ou7vLETSKwmE/HRQz4cImXXJBr/k9gp4J4z/PF8LzTE=",
        "owner": "oxalica",
        "repo": "rust-overlay",
        "rev": "0be641045af6d8666c11c2c40e45ffc9667839b5",
        "type": "github"
      },
      "original": {
        "owner": "oxalica",
        "repo": "rust-overlay",
        "type": "github"
      }
    },
    "rust-overlay_2": {
      "inputs": {
        "nixpkgs": [
          "omnix",
          "rust-flake",
          "nixpkgs"
        ]
      },
      "locked": {
        "lastModified": 1766803264,
        "narHash": "sha256-eGK6He8BR6L7N73kyyjz/vGxZX1Usnr8Gwfs3D18KgE=",
        "owner": "oxalica",
        "repo": "rust-overlay",
        "rev": "6b5c52313aaf3f3e1a0a6757bb89846edfb5195c",
        "type": "github"
      },
      "original": {
        "owner": "oxalica",
        "repo": "rust-overlay",
        "type": "github"
      }
    },
    "sbomnix": {
      "inputs": {
        "flake-compat": "flake-compat_3",
        "flake-parts": "flake-parts_3",
        "flake-root": "flake-root",
        "nix-visualize": "nix-visualize",
        "nixpkgs": "nixpkgs_3",
        "treefmt-nix": "treefmt-nix",
        "vulnix": "vulnix"
      },
      "locked": {
        "lastModified": 1724929558,
        "narHash": "sha256-3CkgwrPws+7Z+mEJbq4f8SNo2b4hrta+vdCCGoNrpiU=",
        "owner": "tiiuae",
        "repo": "sbomnix",
        "rev": "444ba45f30dad718e51b7043418cff5ef83583ea",
        "type": "github"
      },
      "original": {
        "owner": "tiiuae",
        "repo": "sbomnix",
        "type": "github"
      }
    },
    "scenics": {
      "inputs": {
        "flake-utils": "flake-utils_2",
        "git-hooks": "git-hooks_2",
        "nixpkgs": [
          "unstable"
        ]
      },
      "locked": {
        "lastModified": 1757517057,
        "narHash": "sha256-FOovR2vgYev9BoNmbacqpB6i3Tk5NxWjRj9hFr2fB/4=",
        "owner": "callumio",
        "repo": "scenics",
        "rev": "6afe932b2c78782e6b2e7423926eb1995fd4f5be",
        "type": "github"
      },
      "original": {
        "owner": "callumio",
        "repo": "scenics",
        "type": "github"
      }
    },
    "stylix": {
      "inputs": {
        "base16": "base16",
        "base16-fish": "base16-fish",
        "base16-helix": "base16-helix",
        "base16-vim": "base16-vim",
        "firefox-gnome-theme": "firefox-gnome-theme",
        "flake-parts": "flake-parts_6",
        "gnome-shell": "gnome-shell",
        "nixpkgs": [
          "nixpkgs"
        ],
        "nur": "nur",
        "systems": "systems_4",
        "tinted-foot": "tinted-foot",
        "tinted-kitty": "tinted-kitty",
        "tinted-schemes": "tinted-schemes",
        "tinted-tmux": "tinted-tmux",
        "tinted-zed": "tinted-zed"
      },
      "locked": {
        "lastModified": 1764695877,
        "narHash": "sha256-lof6DgmEhRVt++kJPyJYdXBpwuz5clDzb773U8BIwC8=",
        "owner": "danth",
        "repo": "stylix",
        "rev": "3756d1d62dbe7f9497d9fbb3d1a49c4e8676185a",
        "type": "github"
      },
      "original": {
        "owner": "danth",
        "ref": "release-25.05",
        "repo": "stylix",
        "type": "github"
      }
    },
    "systems": {
      "locked": {
        "lastModified": 1681028828,
        "narHash": "sha256-Vy1rq5AaRuLzOxct8nz4T6wlgyUR7zLU309k9mBC768=",
        "owner": "nix-systems",
        "repo": "default",
        "rev": "da67096a3b9bf56a91d16901293e51ba5b49a27e",
        "type": "github"
      },
      "original": {
        "owner": "nix-systems",
        "repo": "default",
        "type": "github"
      }
    },
    "systems_2": {
      "locked": {
        "lastModified": 1681028828,
        "narHash": "sha256-Vy1rq5AaRuLzOxct8nz4T6wlgyUR7zLU309k9mBC768=",
        "owner": "nix-systems",
        "repo": "default",
        "rev": "da67096a3b9bf56a91d16901293e51ba5b49a27e",
        "type": "github"
      },
      "original": {
        "owner": "nix-systems",
        "repo": "default",
        "type": "github"
      }
    },
    "systems_3": {
      "locked": {
        "lastModified": 1689347949,
        "narHash": "sha256-12tWmuL2zgBgZkdoB6qXZsgJEH9LR3oUgpaQq2RbI80=",
        "owner": "nix-systems",
        "repo": "default-linux",
        "rev": "31732fcf5e8fea42e59c2488ad31a0e651500f68",
        "type": "github"
      },
      "original": {
        "owner": "nix-systems",
        "repo": "default-linux",
        "type": "github"
      }
    },
    "systems_4": {
      "locked": {
        "lastModified": 1681028828,
        "narHash": "sha256-Vy1rq5AaRuLzOxct8nz4T6wlgyUR7zLU309k9mBC768=",
        "owner": "nix-systems",
        "repo": "default",
        "rev": "da67096a3b9bf56a91d16901293e51ba5b49a27e",
        "type": "github"
      },
      "original": {
        "owner": "nix-systems",
        "repo": "default",
        "type": "github"
      }
    },
    "systems_5": {
      "locked": {
        "lastModified": 1681028828,
        "narHash": "sha256-Vy1rq5AaRuLzOxct8nz4T6wlgyUR7zLU309k9mBC768=",
        "owner": "nix-systems",
        "repo": "default",
        "rev": "da67096a3b9bf56a91d16901293e51ba5b49a27e",
        "type": "github"
      },
      "original": {
        "owner": "nix-systems",
        "repo": "default",
        "type": "github"
      }
    },
    "tinted-foot": {
      "flake": false,
      "locked": {
        "lastModified": 1726913040,
        "narHash": "sha256-+eDZPkw7efMNUf3/Pv0EmsidqdwNJ1TaOum6k7lngDQ=",
        "owner": "tinted-theming",
        "repo": "tinted-foot",
        "rev": "fd1b924b6c45c3e4465e8a849e67ea82933fcbe4",
        "type": "github"
      },
      "original": {
        "owner": "tinted-theming",
        "repo": "tinted-foot",
        "rev": "fd1b924b6c45c3e4465e8a849e67ea82933fcbe4",
        "type": "github"
      }
    },
    "tinted-kitty": {
      "flake": false,
      "locked": {
        "lastModified": 1735730497,
        "narHash": "sha256-4KtB+FiUzIeK/4aHCKce3V9HwRvYaxX+F1edUrfgzb8=",
        "owner": "tinted-theming",
        "repo": "tinted-kitty",
        "rev": "de6f888497f2c6b2279361bfc790f164bfd0f3fa",
        "type": "github"
      },
      "original": {
        "owner": "tinted-theming",
        "repo": "tinted-kitty",
        "type": "github"
      }
    },
    "tinted-schemes": {
      "flake": false,
      "locked": {
        "lastModified": 1750770351,
        "narHash": "sha256-LI+BnRoFNRa2ffbe3dcuIRYAUcGklBx0+EcFxlHj0SY=",
        "owner": "tinted-theming",
        "repo": "schemes",
        "rev": "5a775c6ffd6e6125947b393872cde95867d85a2a",
        "type": "github"
      },
      "original": {
        "owner": "tinted-theming",
        "repo": "schemes",
        "type": "github"
      }
    },
    "tinted-tmux": {
      "flake": false,
      "locked": {
        "lastModified": 1751159871,
        "narHash": "sha256-UOHBN1fgHIEzvPmdNMHaDvdRMgLmEJh2hNmDrp3d3LE=",
        "owner": "tinted-theming",
        "repo": "tinted-tmux",
        "rev": "bded5e24407cec9d01bd47a317d15b9223a1546c",
        "type": "github"
      },
      "original": {
        "owner": "tinted-theming",
        "repo": "tinted-tmux",
        "type": "github"
      }
    },
    "tinted-zed": {
      "flake": false,
      "locked": {
        "lastModified": 1751158968,
        "narHash": "sha256-ksOyv7D3SRRtebpXxgpG4TK8gZSKFc4TIZpR+C98jX8=",
        "owner": "tinted-theming",
        "repo": "base16-zed",
        "rev": "86a470d94204f7652b906ab0d378e4231a5b3384",
        "type": "github"
      },
      "original": {
        "owner": "tinted-theming",
        "repo": "base16-zed",
        "type": "github"
      }
    },
    "treefmt-nix": {
      "inputs": {
        "nixpkgs": [
          "nsbm",
          "sbomnix",
          "nixpkgs"
        ]
      },
      "locked": {
        "lastModified": 1699786194,
        "narHash": "sha256-3h3EH1FXQkIeAuzaWB+nK0XK54uSD46pp+dMD3gAcB4=",
        "owner": "numtide",
        "repo": "treefmt-nix",
        "rev": "e82f32aa7f06bbbd56d7b12186d555223dc399d1",
        "type": "github"
      },
      "original": {
        "owner": "numtide",
        "repo": "treefmt-nix",
        "type": "github"
      }
    },
    "treefmt-nix_2": {
      "inputs": {
        "nixpkgs": [
          "stylix",
          "nur",
          "nixpkgs"
        ]
      },
      "locked": {
        "lastModified": 1733222881,
        "narHash": "sha256-JIPcz1PrpXUCbaccEnrcUS8jjEb/1vJbZz5KkobyFdM=",
        "owner": "numtide",
        "repo": "treefmt-nix",
        "rev": "49717b5af6f80172275d47a418c9719a31a78b53",
        "type": "github"
      },
      "original": {
        "owner": "numtide",
        "repo": "treefmt-nix",
        "type": "github"
      }
    },
    "treefmt-nix_3": {
      "inputs": {
        "nixpkgs": [
          "nixpkgs"
        ]
      },
      "locked": {
        "lastModified": 1773297127,
        "narHash": "sha256-6E/yhXP7Oy/NbXtf1ktzmU8SdVqJQ09HC/48ebEGBpk=",
        "owner": "numtide",
        "repo": "treefmt-nix",
        "rev": "71b125cd05fbfd78cab3e070b73544abe24c5016",
        "type": "github"
      },
      "original": {
        "owner": "numtide",
        "repo": "treefmt-nix",
        "type": "github"
      }
    },
    "true": {
      "locked": {
        "lastModified": 1657739253,
        "narHash": "sha256-L9eyTL7njtPBUYmZRYFKCzQFDgua9U9oE7UwCzjZfl8=",
        "owner": "boolean-option",
        "repo": "true",
        "rev": "6ecb49143ca31b140a5273f1575746ba93c3f698",
        "type": "github"
      },
      "original": {
        "owner": "boolean-option",
        "repo": "true",
        "type": "github"
      }
    },
    "unstable": {
      "locked": {
        "lastModified": 1773282481,
        "narHash": "sha256-b/GV2ysM8mKHhinse2wz+uP37epUrSE+sAKXy/xvBY4=",
        "owner": "NixOS",
        "repo": "nixpkgs",
        "rev": "fe416aaedd397cacb33a610b33d60ff2b431b127",
        "type": "github"
      },
      "original": {
        "owner": "NixOS",
        "ref": "nixos-unstable",
        "repo": "nixpkgs",
        "type": "github"
      }
    },
    "vulnix": {
      "flake": false,
      "locked": {
        "lastModified": 1676379453,
        "narHash": "sha256-KXvmnaMjv//zd4aSwu4qmbon1Iyzdod6CPms7LIxeVU=",
        "owner": "henrirosten",
        "repo": "vulnix",
        "rev": "ad28b2924027a44a9b81493a0f9de1b0e8641005",
        "type": "github"
      },
      "original": {
        "owner": "henrirosten",
        "repo": "vulnix",
        "type": "github"
      }
    }
  },
  "root": "root",
  "version": 7
}
